
Microsoft Visual Studio Solution File, Format Version 12.00
# Visual Studio Version 16
VisualStudioVersion = 16.0.29519.181
MinimumVisualStudioVersion = 10.0.40219.1
Project("{9A19103F-16F7-4668-BE54-9A1E7A4F7556}") = "MicrShopping.Infrastructure.Common", "MicrShopping.Infrastructure.Common\MicrShopping.Infrastructure.Common.csproj", "{56B51662-6867-4041-A015-76969035EB76}"
EndProject
Project("{2150E333-8FDC-42A3-9474-1A3956D46DE8}") = "server", "server", "{665A9845-D2FA-4714-9FAA-818AF698F0D3}"
EndProject
Project("{2150E333-8FDC-42A3-9474-1A3956D46DE8}") = "ui", "ui", "{7C2800E2-1AE6-4B7B-AD56-EE335557888D}"
EndProject
Project("{9A19103F-16F7-4668-BE54-9A1E7A4F7556}") = "MicrShopping.PayApi", "MicrShopping.PayApi\MicrShopping.PayApi.csproj", "{D56D3E3D-0742-422E-94AF-6FD47EB2C6A2}"
EndProject
Project("{9A19103F-16F7-4668-BE54-9A1E7A4F7556}") = "MicrShopping.OrderApi", "MicrShopping.OrderApi\MicrShopping.OrderApi.csproj", "{ACA71609-4F50-4ACE-BF30-D03C8423EA09}"
EndProject
Project("{9A19103F-16F7-4668-BE54-9A1E7A4F7556}") = "MicrShopping.ProductApi", "MicrShopping.ProductApi\MicrShopping.ProductApi.csproj", "{8FAD2808-C7D5-4198-A673-1FD390C9F847}"
EndProject
Project("{9A19103F-16F7-4668-BE54-9A1E7A4F7556}") = "MicrShopping.ApiGateway", "MicrShopping.ApiGateway\MicrShopping.ApiGateway.csproj", "{0F5EBDA4-32D8-4ED4-85C9-F129AB557608}"
EndProject
Project("{2150E333-8FDC-42A3-9474-1A3956D46DE8}") = "Domain", "Domain", "{4C4D2A1D-1300-423B-978C-21A4D8E61A2E}"
EndProject
Project("{9A19103F-16F7-4668-BE54-9A1E7A4F7556}") = "MicrShopping.Domain", "MicrShopping.Domain\MicrShopping.Domain.csproj", "{D3EAF4D5-B2D2-47C4-8D18-037971095478}"
EndProject
Project("{2150E333-8FDC-42A3-9474-1A3956D46DE8}") = "Gateway", "Gateway", "{FD802028-BF53-4C14-9757-ECDD1C5A05D0}"
EndProject
Project("{2150E333-8FDC-42A3-9474-1A3956D46DE8}") = "Envoy", "Envoy", "{48E69FC8-896E-499C-8A3C-60D8486C2ABF}"
EndProject
Project("{2150E333-8FDC-42A3-9474-1A3956D46DE8}") = "Ocelot", "Ocelot", "{905B9DB0-D7E8-467D-ACC5-41D080A444B6}"
EndProject
Project("{9A19103F-16F7-4668-BE54-9A1E7A4F7556}") = "MicrShopping.WebUI", "MicrShopping.WebUI\MicrShopping.WebUI.csproj", "{2A687065-3DAE-4E8D-9693-1C797FF8523D}"
EndProject
Project("{E53339B2-1760-4266-BCC7-CA923CBCF16C}") = "docker-compose", "docker-compose.dcproj", "{B055EA1D-943F-441F-94E9-02735C35006C}"
EndProject
Project("{9A19103F-16F7-4668-BE54-9A1E7A4F7556}") = "MicrShopping.Identity", "MicrShopping.Identity\MicrShopping.Identity.csproj", "{D2FDB0D9-BFF5-4FEB-A5BD-5A6300CEB466}"
EndProject
Project("{9A19103F-16F7-4668-BE54-9A1E7A4F7556}") = "MicrShopping.Infrastructure.EFCore", "MicrShopping.Infrastructure.EFCore\MicrShopping.Infrastructure.EFCore.csproj", "{9A60083B-A255-48D3-A388-63681EACE3FF}"
EndProject
Project("{9A19103F-16F7-4668-BE54-9A1E7A4F7556}") = "MicrShopping.UserManageApi", "MicrShopping.UserManageApi\MicrShopping.UserManageApi.csproj", "{0419492D-B8E6-4888-B772-A47CCF5F26BD}"
EndProject
Project("{9A19103F-16F7-4668-BE54-9A1E7A4F7556}") = "MicrShopping.WebMVC", "MicrShopping.WebMVC\MicrShopping.WebMVC.csproj", "{3678B7D7-0FC7-4BE6-BA4F-6DE8A7E1A436}"
EndProject
Global
	GlobalSection(SolutionConfigurationPlatforms) = preSolution
		Debug|Any CPU = Debug|Any CPU
		Release|Any CPU = Release|Any CPU
	EndGlobalSection
	GlobalSection(ProjectConfigurationPlatforms) = postSolution
		{56B51662-6867-4041-A015-76969035EB76}.Debug|Any CPU.ActiveCfg = Debug|Any CPU
		{56B51662-6867-4041-A015-76969035EB76}.Debug|Any CPU.Build.0 = Debug|Any CPU
		{56B51662-6867-4041-A015-76969035EB76}.Release|Any CPU.ActiveCfg = Release|Any CPU
		{56B51662-6867-4041-A015-76969035EB76}.Release|Any CPU.Build.0 = Release|Any CPU
		{D56D3E3D-0742-422E-94AF-6FD47EB2C6A2}.Debug|Any CPU.ActiveCfg = Debug|Any CPU
		{D56D3E3D-0742-422E-94AF-6FD47EB2C6A2}.Debug|Any CPU.Build.0 = Debug|Any CPU
		{D56D3E3D-0742-422E-94AF-6FD47EB2C6A2}.Release|Any CPU.ActiveCfg = Release|Any CPU
		{D56D3E3D-0742-422E-94AF-6FD47EB2C6A2}.Release|Any CPU.Build.0 = Release|Any CPU
		{ACA71609-4F50-4ACE-BF30-D03C8423EA09}.Debug|Any CPU.ActiveCfg = Debug|Any CPU
		{ACA71609-4F50-4ACE-BF30-D03C8423EA09}.Debug|Any CPU.Build.0 = Debug|Any CPU
		{ACA71609-4F50-4ACE-BF30-D03C8423EA09}.Release|Any CPU.ActiveCfg = Release|Any CPU
		{ACA71609-4F50-4ACE-BF30-D03C8423EA09}.Release|Any CPU.Build.0 = Release|Any CPU
		{8FAD2808-C7D5-4198-A673-1FD390C9F847}.Debug|Any CPU.ActiveCfg = Debug|Any CPU
		{8FAD2808-C7D5-4198-A673-1FD390C9F847}.Debug|Any CPU.Build.0 = Debug|Any CPU
		{8FAD2808-C7D5-4198-A673-1FD390C9F847}.Release|Any CPU.ActiveCfg = Release|Any CPU
		{8FAD2808-C7D5-4198-A673-1FD390C9F847}.Release|Any CPU.Build.0 = Release|Any CPU
		{0F5EBDA4-32D8-4ED4-85C9-F129AB557608}.Debug|Any CPU.ActiveCfg = Debug|Any CPU
		{0F5EBDA4-32D8-4ED4-85C9-F129AB557608}.Debug|Any CPU.Build.0 = Debug|Any CPU
		{0F5EBDA4-32D8-4ED4-85C9-F129AB557608}.Release|Any CPU.ActiveCfg = Release|Any CPU
		{0F5EBDA4-32D8-4ED4-85C9-F129AB557608}.Release|Any CPU.Build.0 = Release|Any CPU
		{D3EAF4D5-B2D2-47C4-8D18-037971095478}.Debug|Any CPU.ActiveCfg = Debug|Any CPU
		{D3EAF4D5-B2D2-47C4-8D18-037971095478}.Debug|Any CPU.Build.0 = Debug|Any CPU
		{D3EAF4D5-B2D2-47C4-8D18-037971095478}.Release|Any CPU.ActiveCfg = Release|Any CPU
		{D3EAF4D5-B2D2-47C4-8D18-037971095478}.Release|Any CPU.Build.0 = Release|Any CPU
		{2A687065-3DAE-4E8D-9693-1C797FF8523D}.Debug|Any CPU.ActiveCfg = Debug|Any CPU
		{2A687065-3DAE-4E8D-9693-1C797FF8523D}.Debug|Any CPU.Build.0 = Debug|Any CPU
		{2A687065-3DAE-4E8D-9693-1C797FF8523D}.Release|Any CPU.ActiveCfg = Release|Any CPU
		{2A687065-3DAE-4E8D-9693-1C797FF8523D}.Release|Any CPU.Build.0 = Release|Any CPU
		{B055EA1D-943F-441F-94E9-02735C35006C}.Debug|Any CPU.ActiveCfg = Debug|Any CPU
		{B055EA1D-943F-441F-94E9-02735C35006C}.Debug|Any CPU.Build.0 = Debug|Any CPU
		{B055EA1D-943F-441F-94E9-02735C35006C}.Release|Any CPU.ActiveCfg = Release|Any CPU
		{B055EA1D-943F-441F-94E9-02735C35006C}.Release|Any CPU.Build.0 = Release|Any CPU
		{D2FDB0D9-BFF5-4FEB-A5BD-5A6300CEB466}.Debug|Any CPU.ActiveCfg = Debug|Any CPU
		{D2FDB0D9-BFF5-4FEB-A5BD-5A6300CEB466}.Debug|Any CPU.Build.0 = Debug|Any CPU
		{D2FDB0D9-BFF5-4FEB-A5BD-5A6300CEB466}.Release|Any CPU.ActiveCfg = Release|Any CPU
		{D2FDB0D9-BFF5-4FEB-A5BD-5A6300CEB466}.Release|Any CPU.Build.0 = Release|Any CPU
		{9A60083B-A255-48D3-A388-63681EACE3FF}.Debug|Any CPU.ActiveCfg = Debug|Any CPU
		{9A60083B-A255-48D3-A388-63681EACE3FF}.Debug|Any CPU.Build.0 = Debug|Any CPU
		{9A60083B-A255-48D3-A388-63681EACE3FF}.Release|Any CPU.ActiveCfg = Release|Any CPU
		{9A60083B-A255-48D3-A388-63681EACE3FF}.Release|Any CPU.Build.0 = Release|Any CPU
		{0419492D-B8E6-4888-B772-A47CCF5F26BD}.Debug|Any CPU.ActiveCfg = Debug|Any CPU
		{0419492D-B8E6-4888-B772-A47CCF5F26BD}.Debug|Any CPU.Build.0 = Debug|Any CPU
		{0419492D-B8E6-4888-B772-A47CCF5F26BD}.Release|Any CPU.ActiveCfg = Release|Any CPU
		{0419492D-B8E6-4888-B772-A47CCF5F26BD}.Release|Any CPU.Build.0 = Release|Any CPU
		{3678B7D7-0FC7-4BE6-BA4F-6DE8A7E1A436}.Debug|Any CPU.ActiveCfg = Debug|Any CPU
		{3678B7D7-0FC7-4BE6-BA4F-6DE8A7E1A436}.Debug|Any CPU.Build.0 = Debug|Any CPU
		{3678B7D7-0FC7-4BE6-BA4F-6DE8A7E1A436}.Release|Any CPU.ActiveCfg = Release|Any CPU
		{3678B7D7-0FC7-4BE6-BA4F-6DE8A7E1A436}.Release|Any CPU.Build.0 = Release|Any CPU
	EndGlobalSection
	GlobalSection(SolutionProperties) = preSolution
		HideSolutionNode = FALSE
	EndGlobalSection
	GlobalSection(NestedProjects) = preSolution
		{56B51662-6867-4041-A015-76969035EB76} = {4C4D2A1D-1300-423B-978C-21A4D8E61A2E}
		{D56D3E3D-0742-422E-94AF-6FD47EB2C6A2} = {665A9845-D2FA-4714-9FAA-818AF698F0D3}
		{ACA71609-4F50-4ACE-BF30-D03C8423EA09} = {665A9845-D2FA-4714-9FAA-818AF698F0D3}
		{8FAD2808-C7D5-4198-A673-1FD390C9F847} = {665A9845-D2FA-4714-9FAA-818AF698F0D3}
		{0F5EBDA4-32D8-4ED4-85C9-F129AB557608} = {905B9DB0-D7E8-467D-ACC5-41D080A444B6}
		{D3EAF4D5-B2D2-47C4-8D18-037971095478} = {4C4D2A1D-1300-423B-978C-21A4D8E61A2E}
		{48E69FC8-896E-499C-8A3C-60D8486C2ABF} = {FD802028-BF53-4C14-9757-ECDD1C5A05D0}
		{905B9DB0-D7E8-467D-ACC5-41D080A444B6} = {FD802028-BF53-4C14-9757-ECDD1C5A05D0}
		{2A687065-3DAE-4E8D-9693-1C797FF8523D} = {7C2800E2-1AE6-4B7B-AD56-EE335557888D}
		{D2FDB0D9-BFF5-4FEB-A5BD-5A6300CEB466} = {665A9845-D2FA-4714-9FAA-818AF698F0D3}
		{9A60083B-A255-48D3-A388-63681EACE3FF} = {4C4D2A1D-1300-423B-978C-21A4D8E61A2E}
		{0419492D-B8E6-4888-B772-A47CCF5F26BD} = {665A9845-D2FA-4714-9FAA-818AF698F0D3}
		{3678B7D7-0FC7-4BE6-BA4F-6DE8A7E1A436} = {7C2800E2-1AE6-4B7B-AD56-EE335557888D}
	EndGlobalSection
	GlobalSection(ExtensibilityGlobals) = postSolution
		SolutionGuid = {B9088373-6F43-417E-9D55-F329AF9A8DED}
	EndGlobalSection
EndGlobal
